
Microsoft Visual Studio Solution File, Format Version 12.00
# Visual Studio Version 17
VisualStudioVersion = 17.14.36401.2 d17.14
MinimumVisualStudioVersion = 10.0.40219.1
Project("{FAE04EC0-301F-11D3-BF4B-00C04F79EFBC}") = "Lecture2BDemo8", "Lecture2BDemo8\Lecture2BDemo8.csproj", "{4FD9B116-5D31-4543-AE62-D0A7CE335032}"
EndProject
Global
	GlobalSection(SolutionConfigurationPlatforms) = preSolution
		Debug|Any CPU = Debug|Any CPU
		Release|Any CPU = Release|Any CPU
	EndGlobalSection
	GlobalSection(ProjectConfigurationPlatforms) = postSolution
		{4FD9B116-5D31-4543-AE62-D0A7CE335032}.Debug|Any CPU.ActiveCfg = Debug|Any CPU
		{4FD9B116-5D31-4543-AE62-D0A7CE335032}.Debug|Any CPU.Build.0 = Debug|Any CPU
		{4FD9B116-5D31-4543-AE62-D0A7CE335032}.Release|Any CPU.ActiveCfg = Release|Any CPU
		{4FD9B116-5D31-4543-AE62-D0A7CE335032}.Release|Any CPU.Build.0 = Release|Any CPU
	EndGlobalSection
	GlobalSection(SolutionProperties) = preSolution
		HideSolutionNode = FALSE
	EndGlobalSection
	GlobalSection(ExtensibilityGlobals) = postSolution
		SolutionGuid = {51971721-09F6-4991-BC19-CC614138775B}
	EndGlobalSection
EndGlobal
