
Microsoft Visual Studio Solution File, Format Version 12.00
# Visual Studio Version 17
VisualStudioVersion = 17.14.36327.8 d17.14
MinimumVisualStudioVersion = 10.0.40219.1
Project("{FAE04EC0-301F-11D3-BF4B-00C04F79EFBC}") = "Lecture3Demo2", "Lecture3Demo2\Lecture3Demo2.csproj", "{BD31AD0A-7EFD-4BA5-A76F-61F022B1B830}"
EndProject
Global
	GlobalSection(SolutionConfigurationPlatforms) = preSolution
		Debug|Any CPU = Debug|Any CPU
		Release|Any CPU = Release|Any CPU
	EndGlobalSection
	GlobalSection(ProjectConfigurationPlatforms) = postSolution
		{BD31AD0A-7EFD-4BA5-A76F-61F022B1B830}.Debug|Any CPU.ActiveCfg = Debug|Any CPU
		{BD31AD0A-7EFD-4BA5-A76F-61F022B1B830}.Debug|Any CPU.Build.0 = Debug|Any CPU
		{BD31AD0A-7EFD-4BA5-A76F-61F022B1B830}.Release|Any CPU.ActiveCfg = Release|Any CPU
		{BD31AD0A-7EFD-4BA5-A76F-61F022B1B830}.Release|Any CPU.Build.0 = Release|Any CPU
	EndGlobalSection
	GlobalSection(SolutionProperties) = preSolution
		HideSolutionNode = FALSE
	EndGlobalSection
	GlobalSection(ExtensibilityGlobals) = postSolution
		SolutionGuid = {0A98169D-66B5-418C-8F79-6D28AD6AAD52}
	EndGlobalSection
EndGlobal
