
Microsoft Visual Studio Solution File, Format Version 12.00
# Visual Studio Version 17
VisualStudioVersion = 17.14.36327.8 d17.14
MinimumVisualStudioVersion = 10.0.40219.1
Project("{FAE04EC0-301F-11D3-BF4B-00C04F79EFBC}") = "Lecture3Demo1", "Lecture3Demo1\Lecture3Demo1.csproj", "{654C7CD3-0038-4A7E-B7BA-8F17CE18F7E9}"
EndProject
Global
	GlobalSection(SolutionConfigurationPlatforms) = preSolution
		Debug|Any CPU = Debug|Any CPU
		Release|Any CPU = Release|Any CPU
	EndGlobalSection
	GlobalSection(ProjectConfigurationPlatforms) = postSolution
		{654C7CD3-0038-4A7E-B7BA-8F17CE18F7E9}.Debug|Any CPU.ActiveCfg = Debug|Any CPU
		{654C7CD3-0038-4A7E-B7BA-8F17CE18F7E9}.Debug|Any CPU.Build.0 = Debug|Any CPU
		{654C7CD3-0038-4A7E-B7BA-8F17CE18F7E9}.Release|Any CPU.ActiveCfg = Release|Any CPU
		{654C7CD3-0038-4A7E-B7BA-8F17CE18F7E9}.Release|Any CPU.Build.0 = Release|Any CPU
	EndGlobalSection
	GlobalSection(SolutionProperties) = preSolution
		HideSolutionNode = FALSE
	EndGlobalSection
	GlobalSection(ExtensibilityGlobals) = postSolution
		SolutionGuid = {69E2959F-E36C-44EF-AE40-F36AB2F59999}
	EndGlobalSection
EndGlobal
